// !$*UTF8*$!
{
	archiveVersion = 1;
	classes = {
	};
	objectVersion = 50;
	objects = {

/* Begin PBXBuildFile section */
		B40F58FB22BA6C3D001C6A53 /* XYInfomationCell.xib in Resources */ = {isa = PBXBuildFile; fileRef = B40F58FA22BA6C3D001C6A53 /* XYInfomationCell.xib */; };
		B40F58FF22BA90EA001C6A53 /* XYInfomationBaseViewController.m in Sources */ = {isa = PBXBuildFile; fileRef = B40F58FD22BA90EA001C6A53 /* XYInfomationBaseViewController.m */; };
		B40F590022BA90EA001C6A53 /* XYInfomationBaseViewController.xib in Resources */ = {isa = PBXBuildFile; fileRef = B40F58FE22BA90EA001C6A53 /* XYInfomationBaseViewController.xib */; };
		B40F590322BA97AA001C6A53 /* UserInfoViewController.m in Sources */ = {isa = PBXBuildFile; fileRef = B40F590222BA97AA001C6A53 /* UserInfoViewController.m */; };
		B40F590622BA9C72001C6A53 /* SettingViewController.m in Sources */ = {isa = PBXBuildFile; fileRef = B40F590522BA9C72001C6A53 /* SettingViewController.m */; };
		B40F590922BA9FAC001C6A53 /* UserCenterViewController.m in Sources */ = {isa = PBXBuildFile; fileRef = B40F590822BA9FAC001C6A53 /* UserCenterViewController.m */; };
		B418918A22C1E8BA00A8B12D /* BaseUseViewController.m in Sources */ = {isa = PBXBuildFile; fileRef = B418918822C1E8BA00A8B12D /* BaseUseViewController.m */; };
		B418918B22C1E8BA00A8B12D /* BaseUseViewController.xib in Resources */ = {isa = PBXBuildFile; fileRef = B418918922C1E8BA00A8B12D /* BaseUseViewController.xib */; };
		B418918F22C2203300A8B12D /* FamilyMemberListViewController.m in Sources */ = {isa = PBXBuildFile; fileRef = B418918E22C2203300A8B12D /* FamilyMemberListViewController.m */; };
		B418919422C2209000A8B12D /* PersonalTaxBaseViewController.m in Sources */ = {isa = PBXBuildFile; fileRef = B418919322C2209000A8B12D /* PersonalTaxBaseViewController.m */; };
		B44A3E5A23866D81001D9E81 /* XYDatePickerView.m in Sources */ = {isa = PBXBuildFile; fileRef = B44A3E5923866D81001D9E81 /* XYDatePickerView.m */; };
		B46D51AB2385B89000C56CFB /* XYPickerView.m in Sources */ = {isa = PBXBuildFile; fileRef = B46D51A92385B89000C56CFB /* XYPickerView.m */; };
		B485158922B8B51500779B6B /* AppDelegate.m in Sources */ = {isa = PBXBuildFile; fileRef = B485158822B8B51500779B6B /* AppDelegate.m */; };
		B485158C22B8B51500779B6B /* ViewController.m in Sources */ = {isa = PBXBuildFile; fileRef = B485158B22B8B51500779B6B /* ViewController.m */; };
		B485158F22B8B51500779B6B /* Main.storyboard in Resources */ = {isa = PBXBuildFile; fileRef = B485158D22B8B51500779B6B /* Main.storyboard */; };
		B485159122B8B51700779B6B /* Assets.xcassets in Resources */ = {isa = PBXBuildFile; fileRef = B485159022B8B51700779B6B /* Assets.xcassets */; };
		B485159422B8B51700779B6B /* LaunchScreen.storyboard in Resources */ = {isa = PBXBuildFile; fileRef = B485159222B8B51700779B6B /* LaunchScreen.storyboard */; };
		B485159722B8B51700779B6B /* main.m in Sources */ = {isa = PBXBuildFile; fileRef = B485159622B8B51700779B6B /* main.m */; };
		B48515A422B8B70100779B6B /* XYInfomationCell.m in Sources */ = {isa = PBXBuildFile; fileRef = B485159E22B8B70100779B6B /* XYInfomationCell.m */; };
		B48515A622B8B70100779B6B /* XYInfomationSection.xib in Resources */ = {isa = PBXBuildFile; fileRef = B48515A122B8B70100779B6B /* XYInfomationSection.xib */; };
		B48515A722B8B70100779B6B /* XYInfomationSection.m in Sources */ = {isa = PBXBuildFile; fileRef = B48515A322B8B70100779B6B /* XYInfomationSection.m */; };
		B48515AA22B8E37100779B6B /* DataTool.m in Sources */ = {isa = PBXBuildFile; fileRef = B48515A922B8E37100779B6B /* DataTool.m */; };
		B48515C622B8E73D00779B6B /* NSLayoutConstraint+MASDebugAdditions.m in Sources */ = {isa = PBXBuildFile; fileRef = B48515AE22B8E73D00779B6B /* NSLayoutConstraint+MASDebugAdditions.m */; };
		B48515C722B8E73D00779B6B /* ViewController+MASAdditions.m in Sources */ = {isa = PBXBuildFile; fileRef = B48515B722B8E73D00779B6B /* ViewController+MASAdditions.m */; };
		B48515C822B8E73D00779B6B /* MASCompositeConstraint.m in Sources */ = {isa = PBXBuildFile; fileRef = B48515BB22B8E73D00779B6B /* MASCompositeConstraint.m */; };
		B48515C922B8E73D00779B6B /* MASConstraintMaker.m in Sources */ = {isa = PBXBuildFile; fileRef = B48515BC22B8E73D00779B6B /* MASConstraintMaker.m */; };
		B48515CA22B8E73D00779B6B /* MASLayoutConstraint.m in Sources */ = {isa = PBXBuildFile; fileRef = B48515BD22B8E73D00779B6B /* MASLayoutConstraint.m */; };
		B48515CB22B8E73D00779B6B /* NSArray+MASAdditions.m in Sources */ = {isa = PBXBuildFile; fileRef = B48515BE22B8E73D00779B6B /* NSArray+MASAdditions.m */; };
		B48515CC22B8E73D00779B6B /* View+MASAdditions.m in Sources */ = {isa = PBXBuildFile; fileRef = B48515BF22B8E73D00779B6B /* View+MASAdditions.m */; };
		B48515CD22B8E73D00779B6B /* MASConstraint.m in Sources */ = {isa = PBXBuildFile; fileRef = B48515C222B8E73D00779B6B /* MASConstraint.m */; };
		B48515CE22B8E73D00779B6B /* MASViewConstraint.m in Sources */ = {isa = PBXBuildFile; fileRef = B48515C422B8E73D00779B6B /* MASViewConstraint.m */; };
		B48515CF22B8E73D00779B6B /* MASViewAttribute.m in Sources */ = {isa = PBXBuildFile; fileRef = B48515C522B8E73D00779B6B /* MASViewAttribute.m */; };
		B48515E822B8E76600779B6B /* MJPropertyType.m in Sources */ = {isa = PBXBuildFile; fileRef = B48515D522B8E76600779B6B /* MJPropertyType.m */; };
		B48515E922B8E76600779B6B /* NSObject+MJKeyValue.m in Sources */ = {isa = PBXBuildFile; fileRef = B48515D822B8E76600779B6B /* NSObject+MJKeyValue.m */; };
		B48515EA22B8E76600779B6B /* MJProperty.m in Sources */ = {isa = PBXBuildFile; fileRef = B48515D922B8E76600779B6B /* MJProperty.m */; };
		B48515EB22B8E76600779B6B /* NSObject+MJCoding.m in Sources */ = {isa = PBXBuildFile; fileRef = B48515DB22B8E76600779B6B /* NSObject+MJCoding.m */; };
		B48515EC22B8E76600779B6B /* MJExtensionConst.m in Sources */ = {isa = PBXBuildFile; fileRef = B48515DD22B8E76600779B6B /* MJExtensionConst.m */; };
		B48515ED22B8E76600779B6B /* NSObject+MJProperty.m in Sources */ = {isa = PBXBuildFile; fileRef = B48515DE22B8E76600779B6B /* NSObject+MJProperty.m */; };
		B48515EE22B8E76600779B6B /* NSObject+MJClass.m in Sources */ = {isa = PBXBuildFile; fileRef = B48515E022B8E76600779B6B /* NSObject+MJClass.m */; };
		B48515EF22B8E76600779B6B /* NSString+MJExtension.m in Sources */ = {isa = PBXBuildFile; fileRef = B48515E122B8E76600779B6B /* NSString+MJExtension.m */; };
		B48515F022B8E76600779B6B /* MJPropertyKey.m in Sources */ = {isa = PBXBuildFile; fileRef = B48515E222B8E76600779B6B /* MJPropertyKey.m */; };
		B48515F122B8E76600779B6B /* MJFoundation.m in Sources */ = {isa = PBXBuildFile; fileRef = B48515E622B8E76600779B6B /* MJFoundation.m */; };
		B48515F222B8E76600779B6B /* README.md in Resources */ = {isa = PBXBuildFile; fileRef = B48515E722B8E76600779B6B /* README.md */; };
		B48515FA22B8E78000779B6B /* SVProgressHUD.m in Sources */ = {isa = PBXBuildFile; fileRef = B48515F722B8E78000779B6B /* SVProgressHUD.m */; };
		B48515FB22B8E78000779B6B /* SVIndefiniteAnimatedView.m in Sources */ = {isa = PBXBuildFile; fileRef = B48515F822B8E78000779B6B /* SVIndefiniteAnimatedView.m */; };
		B48515FC22B8E78000779B6B /* SVProgressHUD.bundle in Resources */ = {isa = PBXBuildFile; fileRef = B48515F922B8E78000779B6B /* SVProgressHUD.bundle */; };
		B4E8AB9C22C347F00096208A /* IQTextView.m in Sources */ = {isa = PBXBuildFile; fileRef = B4E8AB7922C347F00096208A /* IQTextView.m */; };
		B4E8AB9D22C347F00096208A /* IQToolbar.m in Sources */ = {isa = PBXBuildFile; fileRef = B4E8AB7D22C347F00096208A /* IQToolbar.m */; };
		B4E8AB9E22C347F00096208A /* IQTitleBarButtonItem.m in Sources */ = {isa = PBXBuildFile; fileRef = B4E8AB7F22C347F00096208A /* IQTitleBarButtonItem.m */; };
		B4E8AB9F22C347F00096208A /* IQBarButtonItem.m in Sources */ = {isa = PBXBuildFile; fileRef = B4E8AB8022C347F00096208A /* IQBarButtonItem.m */; };
		B4E8ABA022C347F00096208A /* IQUIView+IQKeyboardToolbar.m in Sources */ = {isa = PBXBuildFile; fileRef = B4E8AB8122C347F00096208A /* IQUIView+IQKeyboardToolbar.m */; };
		B4E8ABA122C347F00096208A /* IQPreviousNextView.m in Sources */ = {isa = PBXBuildFile; fileRef = B4E8AB8222C347F00096208A /* IQPreviousNextView.m */; };
		B4E8ABA222C347F00096208A /* IQKeyboardManager.bundle in Resources */ = {isa = PBXBuildFile; fileRef = B4E8AB8A22C347F00096208A /* IQKeyboardManager.bundle */; };
		B4E8ABA322C347F00096208A /* IQKeyboardManager.m in Sources */ = {isa = PBXBuildFile; fileRef = B4E8AB8D22C347F00096208A /* IQKeyboardManager.m */; };
		B4E8ABA422C347F00096208A /* IQNSArray+Sort.m in Sources */ = {isa = PBXBuildFile; fileRef = B4E8AB8F22C347F00096208A /* IQNSArray+Sort.m */; };
		B4E8ABA522C347F00096208A /* IQUIWindow+Hierarchy.m in Sources */ = {isa = PBXBuildFile; fileRef = B4E8AB9022C347F00096208A /* IQUIWindow+Hierarchy.m */; };
		B4E8ABA622C347F00096208A /* IQUITextFieldView+Additions.m in Sources */ = {isa = PBXBuildFile; fileRef = B4E8AB9222C347F00096208A /* IQUITextFieldView+Additions.m */; };
		B4E8ABA722C347F00096208A /* IQUIScrollView+Additions.m in Sources */ = {isa = PBXBuildFile; fileRef = B4E8AB9322C347F00096208A /* IQUIScrollView+Additions.m */; };
		B4E8ABA822C347F00096208A /* IQUIView+Hierarchy.m in Sources */ = {isa = PBXBuildFile; fileRef = B4E8AB9422C347F00096208A /* IQUIView+Hierarchy.m */; };
		B4E8ABA922C347F00096208A /* IQUIViewController+Additions.m in Sources */ = {isa = PBXBuildFile; fileRef = B4E8AB9922C347F00096208A /* IQUIViewController+Additions.m */; };
		B4E8ABAA22C347F00096208A /* IQKeyboardReturnKeyHandler.m in Sources */ = {isa = PBXBuildFile; fileRef = B4E8AB9B22C347F00096208A /* IQKeyboardReturnKeyHandler.m */; };
		B4E8ABAE22C3AC470096208A /* BaseNavigationController.m in Sources */ = {isa = PBXBuildFile; fileRef = B4E8ABAD22C3AC470096208A /* BaseNavigationController.m */; };
/* End PBXBuildFile section */

/* Begin PBXCopyFilesBuildPhase section */
		B4C7264522BA31FC00F2D395 /* Embed Watch Content */ = {
			isa = PBXCopyFilesBuildPhase;
			buildActionMask = 2147483647;
			dstPath = "$(CONTENTS_FOLDER_PATH)/Watch";
			dstSubfolderSpec = 16;
			files = (
			);
			name = "Embed Watch Content";
			runOnlyForDeploymentPostprocessing = 0;
		};
/* End PBXCopyFilesBuildPhase section */

/* Begin PBXFileReference section */
		B40F58FA22BA6C3D001C6A53 /* XYInfomationCell.xib */ = {isa = PBXFileReference; fileEncoding = 4; lastKnownFileType = file.xib; path = XYInfomationCell.xib; sourceTree = "<group>"; };
		B40F58FC22BA90EA001C6A53 /* XYInfomationBaseViewController.h */ = {isa = PBXFileReference; lastKnownFileType = sourcecode.c.h; path = XYInfomationBaseViewController.h; sourceTree = "<group>"; };
		B40F58FD22BA90EA001C6A53 /* XYInfomationBaseViewController.m */ = {isa = PBXFileReference; lastKnownFileType = sourcecode.c.objc; path = XYInfomationBaseViewController.m; sourceTree = "<group>"; };
		B40F58FE22BA90EA001C6A53 /* XYInfomationBaseViewController.xib */ = {isa = PBXFileReference; lastKnownFileType = file.xib; path = XYInfomationBaseViewController.xib; sourceTree = "<group>"; };
		B40F590122BA97AA001C6A53 /* UserInfoViewController.h */ = {isa = PBXFileReference; lastKnownFileType = sourcecode.c.h; name = UserInfoViewController.h; path = SectionDemo/Controller/section1/UserInfoViewController.h; sourceTree = SOURCE_ROOT; };
		B40F590222BA97AA001C6A53 /* UserInfoViewController.m */ = {isa = PBXFileReference; lastKnownFileType = sourcecode.c.objc; name = UserInfoViewController.m; path = SectionDemo/Controller/section1/UserInfoViewController.m; sourceTree = SOURCE_ROOT; };
		B40F590422BA9C72001C6A53 /* SettingViewController.h */ = {isa = PBXFileReference; lastKnownFileType = sourcecode.c.h; path = SettingViewController.h; sourceTree = "<group>"; };
		B40F590522BA9C72001C6A53 /* SettingViewController.m */ = {isa = PBXFileReference; lastKnownFileType = sourcecode.c.objc; path = SettingViewController.m; sourceTree = "<group>"; };
		B40F590722BA9FAC001C6A53 /* UserCenterViewController.h */ = {isa = PBXFileReference; lastKnownFileType = sourcecode.c.h; path = UserCenterViewController.h; sourceTree = "<group>"; };
		B40F590822BA9FAC001C6A53 /* UserCenterViewController.m */ = {isa = PBXFileReference; lastKnownFileType = sourcecode.c.objc; path = UserCenterViewController.m; sourceTree = "<group>"; };
		B418918722C1E8BA00A8B12D /* BaseUseViewController.h */ = {isa = PBXFileReference; lastKnownFileType = sourcecode.c.h; path = BaseUseViewController.h; sourceTree = "<group>"; };
		B418918822C1E8BA00A8B12D /* BaseUseViewController.m */ = {isa = PBXFileReference; lastKnownFileType = sourcecode.c.objc; path = BaseUseViewController.m; sourceTree = "<group>"; };
		B418918922C1E8BA00A8B12D /* BaseUseViewController.xib */ = {isa = PBXFileReference; lastKnownFileType = file.xib; path = BaseUseViewController.xib; sourceTree = "<group>"; };
		B418918D22C2203300A8B12D /* FamilyMemberListViewController.h */ = {isa = PBXFileReference; lastKnownFileType = sourcecode.c.h; path = FamilyMemberListViewController.h; sourceTree = "<group>"; };
		B418918E22C2203300A8B12D /* FamilyMemberListViewController.m */ = {isa = PBXFileReference; lastKnownFileType = sourcecode.c.objc; path = FamilyMemberListViewController.m; sourceTree = "<group>"; };
		B418919222C2209000A8B12D /* PersonalTaxBaseViewController.h */ = {isa = PBXFileReference; lastKnownFileType = sourcecode.c.h; path = PersonalTaxBaseViewController.h; sourceTree = "<group>"; };
		B418919322C2209000A8B12D /* PersonalTaxBaseViewController.m */ = {isa = PBXFileReference; lastKnownFileType = sourcecode.c.objc; path = PersonalTaxBaseViewController.m; sourceTree = "<group>"; };
		B44A3E5823866D81001D9E81 /* XYDatePickerView.h */ = {isa = PBXFileReference; lastKnownFileType = sourcecode.c.h; path = XYDatePickerView.h; sourceTree = "<group>"; };
		B44A3E5923866D81001D9E81 /* XYDatePickerView.m */ = {isa = PBXFileReference; lastKnownFileType = sourcecode.c.objc; path = XYDatePickerView.m; sourceTree = "<group>"; };
		B46D51A92385B89000C56CFB /* XYPickerView.m */ = {isa = PBXFileReference; fileEncoding = 4; lastKnownFileType = sourcecode.c.objc; path = XYPickerView.m; sourceTree = "<group>"; };
		B46D51AA2385B89000C56CFB /* XYPickerView.h */ = {isa = PBXFileReference; fileEncoding = 4; lastKnownFileType = sourcecode.c.h; path = XYPickerView.h; sourceTree = "<group>"; };
		B485158422B8B51500779B6B /* SectionDemo.app */ = {isa = PBXFileReference; explicitFileType = wrapper.application; includeInIndex = 0; path = SectionDemo.app; sourceTree = BUILT_PRODUCTS_DIR; };
		B485158722B8B51500779B6B /* AppDelegate.h */ = {isa = PBXFileReference; lastKnownFileType = sourcecode.c.h; path = AppDelegate.h; sourceTree = "<group>"; };
		B485158822B8B51500779B6B /* AppDelegate.m */ = {isa = PBXFileReference; lastKnownFileType = sourcecode.c.objc; path = AppDelegate.m; sourceTree = "<group>"; };
		B485158A22B8B51500779B6B /* ViewController.h */ = {isa = PBXFileReference; lastKnownFileType = sourcecode.c.h; path = ViewController.h; sourceTree = "<group>"; };
		B485158B22B8B51500779B6B /* ViewController.m */ = {isa = PBXFileReference; lastKnownFileType = sourcecode.c.objc; path = ViewController.m; sourceTree = "<group>"; };
		B485158E22B8B51500779B6B /* Base */ = {isa = PBXFileReference; lastKnownFileType = file.storyboard; name = Base; path = Base.lproj/Main.storyboard; sourceTree = "<group>"; };
		B485159022B8B51700779B6B /* Assets.xcassets */ = {isa = PBXFileReference; lastKnownFileType = folder.assetcatalog; path = Assets.xcassets; sourceTree = "<group>"; };
		B485159322B8B51700779B6B /* Base */ = {isa = PBXFileReference; lastKnownFileType = file.storyboard; name = Base; path = Base.lproj/LaunchScreen.storyboard; sourceTree = "<group>"; };
		B485159522B8B51700779B6B /* Info.plist */ = {isa = PBXFileReference; lastKnownFileType = text.plist.xml; path = Info.plist; sourceTree = "<group>"; };
		B485159622B8B51700779B6B /* main.m */ = {isa = PBXFileReference; lastKnownFileType = sourcecode.c.objc; path = main.m; sourceTree = "<group>"; };
		B485159E22B8B70100779B6B /* XYInfomationCell.m */ = {isa = PBXFileReference; fileEncoding = 4; lastKnownFileType = sourcecode.c.objc; path = XYInfomationCell.m; sourceTree = "<group>"; };
		B48515A022B8B70100779B6B /* XYInfomationSection.h */ = {isa = PBXFileReference; fileEncoding = 4; lastKnownFileType = sourcecode.c.h; path = XYInfomationSection.h; sourceTree = "<group>"; };
		B48515A122B8B70100779B6B /* XYInfomationSection.xib */ = {isa = PBXFileReference; fileEncoding = 4; lastKnownFileType = file.xib; path = XYInfomationSection.xib; sourceTree = "<group>"; };
		B48515A222B8B70100779B6B /* XYInfomationCell.h */ = {isa = PBXFileReference; fileEncoding = 4; lastKnownFileType = sourcecode.c.h; path = XYInfomationCell.h; sourceTree = "<group>"; };
		B48515A322B8B70100779B6B /* XYInfomationSection.m */ = {isa = PBXFileReference; fileEncoding = 4; lastKnownFileType = sourcecode.c.objc; path = XYInfomationSection.m; sourceTree = "<group>"; };
		B48515A822B8E37100779B6B /* DataTool.h */ = {isa = PBXFileReference; lastKnownFileType = sourcecode.c.h; path = DataTool.h; sourceTree = "<group>"; };
		B48515A922B8E37100779B6B /* DataTool.m */ = {isa = PBXFileReference; lastKnownFileType = sourcecode.c.objc; path = DataTool.m; sourceTree = "<group>"; };
		B48515AD22B8E73D00779B6B /* MASCompositeConstraint.h */ = {isa = PBXFileReference; fileEncoding = 4; lastKnownFileType = sourcecode.c.h; path = MASCompositeConstraint.h; sourceTree = "<group>"; };
		B48515AE22B8E73D00779B6B /* NSLayoutConstraint+MASDebugAdditions.m */ = {isa = PBXFileReference; fileEncoding = 4; lastKnownFileType = sourcecode.c.objc; path = "NSLayoutConstraint+MASDebugAdditions.m"; sourceTree = "<group>"; };
		B48515AF22B8E73D00779B6B /* MASConstraint+Private.h */ = {isa = PBXFileReference; fileEncoding = 4; lastKnownFileType = sourcecode.c.h; path = "MASConstraint+Private.h"; sourceTree = "<group>"; };
		B48515B022B8E73D00779B6B /* MASLayoutConstraint.h */ = {isa = PBXFileReference; fileEncoding = 4; lastKnownFileType = sourcecode.c.h; path = MASLayoutConstraint.h; sourceTree = "<group>"; };
		B48515B122B8E73D00779B6B /* NSArray+MASShorthandAdditions.h */ = {isa = PBXFileReference; fileEncoding = 4; lastKnownFileType = sourcecode.c.h; path = "NSArray+MASShorthandAdditions.h"; sourceTree = "<group>"; };
		B48515B222B8E73D00779B6B /* MASConstraintMaker.h */ = {isa = PBXFileReference; fileEncoding = 4; lastKnownFileType = sourcecode.c.h; path = MASConstraintMaker.h; sourceTree = "<group>"; };
		B48515B322B8E73D00779B6B /* View+MASAdditions.h */ = {isa = PBXFileReference; fileEncoding = 4; lastKnownFileType = sourcecode.c.h; path = "View+MASAdditions.h"; sourceTree = "<group>"; };
		B48515B422B8E73D00779B6B /* NSArray+MASAdditions.h */ = {isa = PBXFileReference; fileEncoding = 4; lastKnownFileType = sourcecode.c.h; path = "NSArray+MASAdditions.h"; sourceTree = "<group>"; };
		B48515B522B8E73D00779B6B /* MASUtilities.h */ = {isa = PBXFileReference; fileEncoding = 4; lastKnownFileType = sourcecode.c.h; path = MASUtilities.h; sourceTree = "<group>"; };
		B48515B622B8E73D00779B6B /* MASViewAttribute.h */ = {isa = PBXFileReference; fileEncoding = 4; lastKnownFileType = sourcecode.c.h; path = MASViewAttribute.h; sourceTree = "<group>"; };
		B48515B722B8E73D00779B6B /* ViewController+MASAdditions.m */ = {isa = PBXFileReference; fileEncoding = 4; lastKnownFileType = sourcecode.c.objc; path = "ViewController+MASAdditions.m"; sourceTree = "<group>"; };
		B48515B822B8E73D00779B6B /* MASViewConstraint.h */ = {isa = PBXFileReference; fileEncoding = 4; lastKnownFileType = sourcecode.c.h; path = MASViewConstraint.h; sourceTree = "<group>"; };
		B48515B922B8E73D00779B6B /* MASConstraint.h */ = {isa = PBXFileReference; fileEncoding = 4; lastKnownFileType = sourcecode.c.h; path = MASConstraint.h; sourceTree = "<group>"; };
		B48515BA22B8E73D00779B6B /* NSLayoutConstraint+MASDebugAdditions.h */ = {isa = PBXFileReference; fileEncoding = 4; lastKnownFileType = sourcecode.c.h; path = "NSLayoutConstraint+MASDebugAdditions.h"; sourceTree = "<group>"; };
		B48515BB22B8E73D00779B6B /* MASCompositeConstraint.m */ = {isa = PBXFileReference; fileEncoding = 4; lastKnownFileType = sourcecode.c.objc; path = MASCompositeConstraint.m; sourceTree = "<group>"; };
		B48515BC22B8E73D00779B6B /* MASConstraintMaker.m */ = {isa = PBXFileReference; fileEncoding = 4; lastKnownFileType = sourcecode.c.objc; path = MASConstraintMaker.m; sourceTree = "<group>"; };
		B48515BD22B8E73D00779B6B /* MASLayoutConstraint.m */ = {isa = PBXFileReference; fileEncoding = 4; lastKnownFileType = sourcecode.c.objc; path = MASLayoutConstraint.m; sourceTree = "<group>"; };
		B48515BE22B8E73D00779B6B /* NSArray+MASAdditions.m */ = {isa = PBXFileReference; fileEncoding = 4; lastKnownFileType = sourcecode.c.objc; path = "NSArray+MASAdditions.m"; sourceTree = "<group>"; };
		B48515BF22B8E73D00779B6B /* View+MASAdditions.m */ = {isa = PBXFileReference; fileEncoding = 4; lastKnownFileType = sourcecode.c.objc; path = "View+MASAdditions.m"; sourceTree = "<group>"; };
		B48515C022B8E73D00779B6B /* View+MASShorthandAdditions.h */ = {isa = PBXFileReference; fileEncoding = 4; lastKnownFileType = sourcecode.c.h; path = "View+MASShorthandAdditions.h"; sourceTree = "<group>"; };
		B48515C122B8E73D00779B6B /* Masonry.h */ = {isa = PBXFileReference; fileEncoding = 4; lastKnownFileType = sourcecode.c.h; path = Masonry.h; sourceTree = "<group>"; };
		B48515C222B8E73D00779B6B /* MASConstraint.m */ = {isa = PBXFileReference; fileEncoding = 4; lastKnownFileType = sourcecode.c.objc; path = MASConstraint.m; sourceTree = "<group>"; };
		B48515C322B8E73D00779B6B /* ViewController+MASAdditions.h */ = {isa = PBXFileReference; fileEncoding = 4; lastKnownFileType = sourcecode.c.h; path = "ViewController+MASAdditions.h"; sourceTree = "<group>"; };
		B48515C422B8E73D00779B6B /* MASViewConstraint.m */ = {isa = PBXFileReference; fileEncoding = 4; lastKnownFileType = sourcecode.c.objc; path = MASViewConstraint.m; sourceTree = "<group>"; };
		B48515C522B8E73D00779B6B /* MASViewAttribute.m */ = {isa = PBXFileReference; fileEncoding = 4; lastKnownFileType = sourcecode.c.objc; path = MASViewAttribute.m; sourceTree = "<group>"; };
		B48515D222B8E76600779B6B /* MJPropertyKey.h */ = {isa = PBXFileReference; fileEncoding = 4; lastKnownFileType = sourcecode.c.h; path = MJPropertyKey.h; sourceTree = "<group>"; };
		B48515D322B8E76600779B6B /* NSObject+MJClass.h */ = {isa = PBXFileReference; fileEncoding = 4; lastKnownFileType = sourcecode.c.h; path = "NSObject+MJClass.h"; sourceTree = "<group>"; };
		B48515D422B8E76600779B6B /* NSString+MJExtension.h */ = {isa = PBXFileReference; fileEncoding = 4; lastKnownFileType = sourcecode.c.h; path = "NSString+MJExtension.h"; sourceTree = "<group>"; };
		B48515D522B8E76600779B6B /* MJPropertyType.m */ = {isa = PBXFileReference; fileEncoding = 4; lastKnownFileType = sourcecode.c.objc; path = MJPropertyType.m; sourceTree = "<group>"; };
		B48515D622B8E76600779B6B /* NSObject+MJProperty.h */ = {isa = PBXFileReference; fileEncoding = 4; lastKnownFileType = sourcecode.c.h; path = "NSObject+MJProperty.h"; sourceTree = "<group>"; };
		B48515D722B8E76600779B6B /* MJExtensionConst.h */ = {isa = PBXFileReference; fileEncoding = 4; lastKnownFileType = sourcecode.c.h; path = MJExtensionConst.h; sourceTree = "<group>"; };
		B48515D822B8E76600779B6B /* NSObject+MJKeyValue.m */ = {isa = PBXFileReference; fileEncoding = 4; lastKnownFileType = sourcecode.c.objc; path = "NSObject+MJKeyValue.m"; sourceTree = "<group>"; };
		B48515D922B8E76600779B6B /* MJProperty.m */ = {isa = PBXFileReference; fileEncoding = 4; lastKnownFileType = sourcecode.c.objc; path = MJProperty.m; sourceTree = "<group>"; };
		B48515DA22B8E76600779B6B /* MJFoundation.h */ = {isa = PBXFileReference; fileEncoding = 4; lastKnownFileType = sourcecode.c.h; path = MJFoundation.h; sourceTree = "<group>"; };
		B48515DB22B8E76600779B6B /* NSObject+MJCoding.m */ = {isa = PBXFileReference; fileEncoding = 4; lastKnownFileType = sourcecode.c.objc; path = "NSObject+MJCoding.m"; sourceTree = "<group>"; };
		B48515DC22B8E76600779B6B /* MJExtension.h */ = {isa = PBXFileReference; fileEncoding = 4; lastKnownFileType = sourcecode.c.h; path = MJExtension.h; sourceTree = "<group>"; };
		B48515DD22B8E76600779B6B /* MJExtensionConst.m */ = {isa = PBXFileReference; fileEncoding = 4; lastKnownFileType = sourcecode.c.objc; path = MJExtensionConst.m; sourceTree = "<group>"; };
		B48515DE22B8E76600779B6B /* NSObject+MJProperty.m */ = {isa = PBXFileReference; fileEncoding = 4; lastKnownFileType = sourcecode.c.objc; path = "NSObject+MJProperty.m"; sourceTree = "<group>"; };
		B48515DF22B8E76600779B6B /* MJPropertyType.h */ = {isa = PBXFileReference; fileEncoding = 4; lastKnownFileType = sourcecode.c.h; path = MJPropertyType.h; sourceTree = "<group>"; };
		B48515E022B8E76600779B6B /* NSObject+MJClass.m */ = {isa = PBXFileReference; fileEncoding = 4; lastKnownFileType = sourcecode.c.objc; path = "NSObject+MJClass.m"; sourceTree = "<group>"; };
		B48515E122B8E76600779B6B /* NSString+MJExtension.m */ = {isa = PBXFileReference; fileEncoding = 4; lastKnownFileType = sourcecode.c.objc; path = "NSString+MJExtension.m"; sourceTree = "<group>"; };
		B48515E222B8E76600779B6B /* MJPropertyKey.m */ = {isa = PBXFileReference; fileEncoding = 4; lastKnownFileType = sourcecode.c.objc; path = MJPropertyKey.m; sourceTree = "<group>"; };
		B48515E322B8E76600779B6B /* MJProperty.h */ = {isa = PBXFileReference; fileEncoding = 4; lastKnownFileType = sourcecode.c.h; path = MJProperty.h; sourceTree = "<group>"; };
		B48515E422B8E76600779B6B /* NSObject+MJKeyValue.h */ = {isa = PBXFileReference; fileEncoding = 4; lastKnownFileType = sourcecode.c.h; path = "NSObject+MJKeyValue.h"; sourceTree = "<group>"; };
		B48515E522B8E76600779B6B /* NSObject+MJCoding.h */ = {isa = PBXFileReference; fileEncoding = 4; lastKnownFileType = sourcecode.c.h; path = "NSObject+MJCoding.h"; sourceTree = "<group>"; };
		B48515E622B8E76600779B6B /* MJFoundation.m */ = {isa = PBXFileReference; fileEncoding = 4; lastKnownFileType = sourcecode.c.objc; path = MJFoundation.m; sourceTree = "<group>"; };
		B48515E722B8E76600779B6B /* README.md */ = {isa = PBXFileReference; fileEncoding = 4; lastKnownFileType = net.daringfireball.markdown; path = README.md; sourceTree = "<group>"; };
		B48515F422B8E78000779B6B /* SVIndefiniteAnimatedView.h */ = {isa = PBXFileReference; fileEncoding = 4; lastKnownFileType = sourcecode.c.h; path = SVIndefiniteAnimatedView.h; sourceTree = "<group>"; };
		B48515F522B8E78000779B6B /* SVProgressHUD.h */ = {isa = PBXFileReference; fileEncoding = 4; lastKnownFileType = sourcecode.c.h; path = SVProgressHUD.h; sourceTree = "<group>"; };
		B48515F622B8E78000779B6B /* SVProgressHUD-Prefix.pch */ = {isa = PBXFileReference; fileEncoding = 4; lastKnownFileType = sourcecode.c.h; path = "SVProgressHUD-Prefix.pch"; sourceTree = "<group>"; };
		B48515F722B8E78000779B6B /* SVProgressHUD.m */ = {isa = PBXFileReference; fileEncoding = 4; lastKnownFileType = sourcecode.c.objc; path = SVProgressHUD.m; sourceTree = "<group>"; };
		B48515F822B8E78000779B6B /* SVIndefiniteAnimatedView.m */ = {isa = PBXFileReference; fileEncoding = 4; lastKnownFileType = sourcecode.c.objc; path = SVIndefiniteAnimatedView.m; sourceTree = "<group>"; };
		B48515F922B8E78000779B6B /* SVProgressHUD.bundle */ = {isa = PBXFileReference; lastKnownFileType = "wrapper.plug-in"; path = SVProgressHUD.bundle; sourceTree = "<group>"; };
		B48515FD22B8E84700779B6B /* PrefixHeader.pch */ = {isa = PBXFileReference; lastKnownFileType = sourcecode.c.h; path = PrefixHeader.pch; sourceTree = "<group>"; };
		B4E8AB7922C347F00096208A /* IQTextView.m */ = {isa = PBXFileReference; fileEncoding = 4; lastKnownFileType = sourcecode.c.objc; path = IQTextView.m; sourceTree = "<group>"; };
		B4E8AB7A22C347F00096208A /* IQTextView.h */ = {isa = PBXFileReference; fileEncoding = 4; lastKnownFileType = sourcecode.c.h; path = IQTextView.h; sourceTree = "<group>"; };
		B4E8AB7C22C347F00096208A /* IQUIView+IQKeyboardToolbar.h */ = {isa = PBXFileReference; fileEncoding = 4; lastKnownFileType = sourcecode.c.h; path = "IQUIView+IQKeyboardToolbar.h"; sourceTree = "<group>"; };
		B4E8AB7D22C347F00096208A /* IQToolbar.m */ = {isa = PBXFileReference; fileEncoding = 4; lastKnownFileType = sourcecode.c.objc; path = IQToolbar.m; sourceTree = "<group>"; };
		B4E8AB7E22C347F00096208A /* IQPreviousNextView.h */ = {isa = PBXFileReference; fileEncoding = 4; lastKnownFileType = sourcecode.c.h; path = IQPreviousNextView.h; sourceTree = "<group>"; };
		B4E8AB7F22C347F00096208A /* IQTitleBarButtonItem.m */ = {isa = PBXFileReference; fileEncoding = 4; lastKnownFileType = sourcecode.c.objc; path = IQTitleBarButtonItem.m; sourceTree = "<group>"; };
		B4E8AB8022C347F00096208A /* IQBarButtonItem.m */ = {isa = PBXFileReference; fileEncoding = 4; lastKnownFileType = sourcecode.c.objc; path = IQBarButtonItem.m; sourceTree = "<group>"; };
		B4E8AB8122C347F00096208A /* IQUIView+IQKeyboardToolbar.m */ = {isa = PBXFileReference; fileEncoding = 4; lastKnownFileType = sourcecode.c.objc; path = "IQUIView+IQKeyboardToolbar.m"; sourceTree = "<group>"; };
		B4E8AB8222C347F00096208A /* IQPreviousNextView.m */ = {isa = PBXFileReference; fileEncoding = 4; lastKnownFileType = sourcecode.c.objc; path = IQPreviousNextView.m; sourceTree = "<group>"; };
		B4E8AB8322C347F00096208A /* IQToolbar.h */ = {isa = PBXFileReference; fileEncoding = 4; lastKnownFileType = sourcecode.c.h; path = IQToolbar.h; sourceTree = "<group>"; };
		B4E8AB8422C347F00096208A /* IQBarButtonItem.h */ = {isa = PBXFileReference; fileEncoding = 4; lastKnownFileType = sourcecode.c.h; path = IQBarButtonItem.h; sourceTree = "<group>"; };
		B4E8AB8522C347F00096208A /* IQTitleBarButtonItem.h */ = {isa = PBXFileReference; fileEncoding = 4; lastKnownFileType = sourcecode.c.h; path = IQTitleBarButtonItem.h; sourceTree = "<group>"; };
		B4E8AB8722C347F00096208A /* IQKeyboardManagerConstantsInternal.h */ = {isa = PBXFileReference; fileEncoding = 4; lastKnownFileType = sourcecode.c.h; path = IQKeyboardManagerConstantsInternal.h; sourceTree = "<group>"; };
		B4E8AB8822C347F00096208A /* IQKeyboardManagerConstants.h */ = {isa = PBXFileReference; fileEncoding = 4; lastKnownFileType = sourcecode.c.h; path = IQKeyboardManagerConstants.h; sourceTree = "<group>"; };
		B4E8AB8A22C347F00096208A /* IQKeyboardManager.bundle */ = {isa = PBXFileReference; lastKnownFileType = "wrapper.plug-in"; path = IQKeyboardManager.bundle; sourceTree = "<group>"; };
		B4E8AB8B22C347F00096208A /* IQKeyboardReturnKeyHandler.h */ = {isa = PBXFileReference; fileEncoding = 4; lastKnownFileType = sourcecode.c.h; path = IQKeyboardReturnKeyHandler.h; sourceTree = "<group>"; };
		B4E8AB8C22C347F00096208A /* IQKeyboardManager.h */ = {isa = PBXFileReference; fileEncoding = 4; lastKnownFileType = sourcecode.c.h; path = IQKeyboardManager.h; sourceTree = "<group>"; };
		B4E8AB8D22C347F00096208A /* IQKeyboardManager.m */ = {isa = PBXFileReference; fileEncoding = 4; lastKnownFileType = sourcecode.c.objc; path = IQKeyboardManager.m; sourceTree = "<group>"; };
		B4E8AB8F22C347F00096208A /* IQNSArray+Sort.m */ = {isa = PBXFileReference; fileEncoding = 4; lastKnownFileType = sourcecode.c.objc; path = "IQNSArray+Sort.m"; sourceTree = "<group>"; };
		B4E8AB9022C347F00096208A /* IQUIWindow+Hierarchy.m */ = {isa = PBXFileReference; fileEncoding = 4; lastKnownFileType = sourcecode.c.objc; path = "IQUIWindow+Hierarchy.m"; sourceTree = "<group>"; };
		B4E8AB9122C347F00096208A /* IQUIViewController+Additions.h */ = {isa = PBXFileReference; fileEncoding = 4; lastKnownFileType = sourcecode.c.h; path = "IQUIViewController+Additions.h"; sourceTree = "<group>"; };
		B4E8AB9222C347F00096208A /* IQUITextFieldView+Additions.m */ = {isa = PBXFileReference; fileEncoding = 4; lastKnownFileType = sourcecode.c.objc; path = "IQUITextFieldView+Additions.m"; sourceTree = "<group>"; };
		B4E8AB9322C347F00096208A /* IQUIScrollView+Additions.m */ = {isa = PBXFileReference; fileEncoding = 4; lastKnownFileType = sourcecode.c.objc; path = "IQUIScrollView+Additions.m"; sourceTree = "<group>"; };
		B4E8AB9422C347F00096208A /* IQUIView+Hierarchy.m */ = {isa = PBXFileReference; fileEncoding = 4; lastKnownFileType = sourcecode.c.objc; path = "IQUIView+Hierarchy.m"; sourceTree = "<group>"; };
		B4E8AB9522C347F00096208A /* IQUIWindow+Hierarchy.h */ = {isa = PBXFileReference; fileEncoding = 4; lastKnownFileType = sourcecode.c.h; path = "IQUIWindow+Hierarchy.h"; sourceTree = "<group>"; };
		B4E8AB9622C347F00096208A /* IQNSArray+Sort.h */ = {isa = PBXFileReference; fileEncoding = 4; lastKnownFileType = sourcecode.c.h; path = "IQNSArray+Sort.h"; sourceTree = "<group>"; };
		B4E8AB9722C347F00096208A /* IQUIScrollView+Additions.h */ = {isa = PBXFileReference; fileEncoding = 4; lastKnownFileType = sourcecode.c.h; path = "IQUIScrollView+Additions.h"; sourceTree = "<group>"; };
		B4E8AB9822C347F00096208A /* IQUITextFieldView+Additions.h */ = {isa = PBXFileReference; fileEncoding = 4; lastKnownFileType = sourcecode.c.h; path = "IQUITextFieldView+Additions.h"; sourceTree = "<group>"; };
		B4E8AB9922C347F00096208A /* IQUIViewController+Additions.m */ = {isa = PBXFileReference; fileEncoding = 4; lastKnownFileType = sourcecode.c.objc; path = "IQUIViewController+Additions.m"; sourceTree = "<group>"; };
		B4E8AB9A22C347F00096208A /* IQUIView+Hierarchy.h */ = {isa = PBXFileReference; fileEncoding = 4; lastKnownFileType = sourcecode.c.h; path = "IQUIView+Hierarchy.h"; sourceTree = "<group>"; };
		B4E8AB9B22C347F00096208A /* IQKeyboardReturnKeyHandler.m */ = {isa = PBXFileReference; fileEncoding = 4; lastKnownFileType = sourcecode.c.objc; path = IQKeyboardReturnKeyHandler.m; sourceTree = "<group>"; };
		B4E8ABAC22C3AC470096208A /* BaseNavigationController.h */ = {isa = PBXFileReference; lastKnownFileType = sourcecode.c.h; path = BaseNavigationController.h; sourceTree = "<group>"; };
		B4E8ABAD22C3AC470096208A /* BaseNavigationController.m */ = {isa = PBXFileReference; lastKnownFileType = sourcecode.c.objc; path = BaseNavigationController.m; sourceTree = "<group>"; };
/* End PBXFileReference section */

/* Begin PBXFrameworksBuildPhase section */
		B485158122B8B51500779B6B /* Frameworks */ = {
			isa = PBXFrameworksBuildPhase;
			buildActionMask = 2147483647;
			files = (
			);
			runOnlyForDeploymentPostprocessing = 0;
		};
/* End PBXFrameworksBuildPhase section */

/* Begin PBXGroup section */
		B40F590A22BB34DE001C6A53 /* Controller */ = {
			isa = PBXGroup;
			children = (
				B4E8ABAB22C3ABDB0096208A /* Base */,
				B418918622C1E88000A8B12D /* section0 */,
				B418918522C1E86700A8B12D /* section1 */,
				B418918C22C21FB500A8B12D /* section2 */,
			);
			path = Controller;
			sourceTree = "<group>";
		};
		B40F590C22BB3507001C6A53 /* View */ = {
			isa = PBXGroup;
			children = (
			);
			path = View;
			sourceTree = "<group>";
		};
		B418918522C1E86700A8B12D /* section1 */ = {
			isa = PBXGroup;
			children = (
				B40F590722BA9FAC001C6A53 /* UserCenterViewController.h */,
				B40F590822BA9FAC001C6A53 /* UserCenterViewController.m */,
				B40F590122BA97AA001C6A53 /* UserInfoViewController.h */,
				B40F590222BA97AA001C6A53 /* UserInfoViewController.m */,
				B40F590422BA9C72001C6A53 /* SettingViewController.h */,
				B40F590522BA9C72001C6A53 /* SettingViewController.m */,
			);
			path = section1;
			sourceTree = "<group>";
		};
		B418918622C1E88000A8B12D /* section0 */ = {
			isa = PBXGroup;
			children = (
				B418918722C1E8BA00A8B12D /* BaseUseViewController.h */,
				B418918822C1E8BA00A8B12D /* BaseUseViewController.m */,
				B418918922C1E8BA00A8B12D /* BaseUseViewController.xib */,
			);
			path = section0;
			sourceTree = "<group>";
		};
		B418918C22C21FB500A8B12D /* section2 */ = {
			isa = PBXGroup;
			children = (
				B418919122C2205C00A8B12D /* PersonalTax */,
				B418919022C2203E00A8B12D /* FamilyMember */,
			);
			path = section2;
			sourceTree = "<group>";
		};
		B418919022C2203E00A8B12D /* FamilyMember */ = {
			isa = PBXGroup;
			children = (
				B418918D22C2203300A8B12D /* FamilyMemberListViewController.h */,
				B418918E22C2203300A8B12D /* FamilyMemberListViewController.m */,
			);
			path = FamilyMember;
			sourceTree = "<group>";
		};
		B418919122C2205C00A8B12D /* PersonalTax */ = {
			isa = PBXGroup;
			children = (
				B418919222C2209000A8B12D /* PersonalTaxBaseViewController.h */,
				B418919322C2209000A8B12D /* PersonalTaxBaseViewController.m */,
			);
			path = PersonalTax;
			sourceTree = "<group>";
		};
		B44A3E5723866D4A001D9E81 /* XYDatePickerView */ = {
			isa = PBXGroup;
			children = (
				B44A3E5823866D81001D9E81 /* XYDatePickerView.h */,
				B44A3E5923866D81001D9E81 /* XYDatePickerView.m */,
			);
			path = XYDatePickerView;
			sourceTree = "<group>";
		};
		B46D51A82385B87400C56CFB /* XYPickerView */ = {
			isa = PBXGroup;
			children = (
				B46D51AA2385B89000C56CFB /* XYPickerView.h */,
				B46D51A92385B89000C56CFB /* XYPickerView.m */,
			);
			path = XYPickerView;
			sourceTree = "<group>";
		};
		B485157B22B8B51500779B6B = {
			isa = PBXGroup;
			children = (
				B485158622B8B51500779B6B /* SectionDemo */,
				B485158522B8B51500779B6B /* Products */,
			);
			sourceTree = "<group>";
		};
		B485158522B8B51500779B6B /* Products */ = {
			isa = PBXGroup;
			children = (
				B485158422B8B51500779B6B /* SectionDemo.app */,
			);
			name = Products;
			sourceTree = "<group>";
		};
		B485158622B8B51500779B6B /* SectionDemo */ = {
			isa = PBXGroup;
			children = (
				B48515AB22B8E6FA00779B6B /* Third */,
				B485159D22B8B64C00779B6B /* XYInfomationSection */,
				B485158722B8B51500779B6B /* AppDelegate.h */,
				B485158822B8B51500779B6B /* AppDelegate.m */,
				B485158A22B8B51500779B6B /* ViewController.h */,
				B485158B22B8B51500779B6B /* ViewController.m */,
				B40F590C22BB3507001C6A53 /* View */,
				B40F590A22BB34DE001C6A53 /* Controller */,
				B485158D22B8B51500779B6B /* Main.storyboard */,
				B485159022B8B51700779B6B /* Assets.xcassets */,
				B485159222B8B51700779B6B /* LaunchScreen.storyboard */,
				B485159522B8B51700779B6B /* Info.plist */,
				B485159622B8B51700779B6B /* main.m */,
				B48515A822B8E37100779B6B /* DataTool.h */,
				B48515A922B8E37100779B6B /* DataTool.m */,
				B48515FD22B8E84700779B6B /* PrefixHeader.pch */,
			);
			path = SectionDemo;
			sourceTree = "<group>";
		};
		B485159D22B8B64C00779B6B /* XYInfomationSection */ = {
			isa = PBXGroup;
			children = (
				B48515A222B8B70100779B6B /* XYInfomationCell.h */,
				B485159E22B8B70100779B6B /* XYInfomationCell.m */,
				B40F58FA22BA6C3D001C6A53 /* XYInfomationCell.xib */,
				B48515A022B8B70100779B6B /* XYInfomationSection.h */,
				B48515A322B8B70100779B6B /* XYInfomationSection.m */,
				B48515A122B8B70100779B6B /* XYInfomationSection.xib */,
				B40F58FC22BA90EA001C6A53 /* XYInfomationBaseViewController.h */,
				B40F58FD22BA90EA001C6A53 /* XYInfomationBaseViewController.m */,
				B40F58FE22BA90EA001C6A53 /* XYInfomationBaseViewController.xib */,
			);
			path = XYInfomationSection;
			sourceTree = "<group>";
		};
		B48515AB22B8E6FA00779B6B /* Third */ = {
			isa = PBXGroup;
			children = (
				B44A3E5723866D4A001D9E81 /* XYDatePickerView */,
				B46D51A82385B87400C56CFB /* XYPickerView */,
				B4E8AB7722C347F00096208A /* IQKeyboardManager */,
				B48515F322B8E78000779B6B /* SVProgressHUD */,
				B48515D022B8E76600779B6B /* MJExtension */,
				B48515AC22B8E73D00779B6B /* Masonry */,
			);
			path = Third;
			sourceTree = "<group>";
		};
		B48515AC22B8E73D00779B6B /* Masonry */ = {
			isa = PBXGroup;
			children = (
				B48515AD22B8E73D00779B6B /* MASCompositeConstraint.h */,
				B48515AE22B8E73D00779B6B /* NSLayoutConstraint+MASDebugAdditions.m */,
				B48515AF22B8E73D00779B6B /* MASConstraint+Private.h */,
				B48515B022B8E73D00779B6B /* MASLayoutConstraint.h */,
				B48515B122B8E73D00779B6B /* NSArray+MASShorthandAdditions.h */,
				B48515B222B8E73D00779B6B /* MASConstraintMaker.h */,
				B48515B322B8E73D00779B6B /* View+MASAdditions.h */,
				B48515B422B8E73D00779B6B /* NSArray+MASAdditions.h */,
				B48515B522B8E73D00779B6B /* MASUtilities.h */,
				B48515B622B8E73D00779B6B /* MASViewAttribute.h */,
				B48515B722B8E73D00779B6B /* ViewController+MASAdditions.m */,
				B48515B822B8E73D00779B6B /* MASViewConstraint.h */,
				B48515B922B8E73D00779B6B /* MASConstraint.h */,
				B48515BA22B8E73D00779B6B /* NSLayoutConstraint+MASDebugAdditions.h */,
				B48515BB22B8E73D00779B6B /* MASCompositeConstraint.m */,
				B48515BC22B8E73D00779B6B /* MASConstraintMaker.m */,
				B48515BD22B8E73D00779B6B /* MASLayoutConstraint.m */,
				B48515BE22B8E73D00779B6B /* NSArray+MASAdditions.m */,
				B48515BF22B8E73D00779B6B /* View+MASAdditions.m */,
				B48515C022B8E73D00779B6B /* View+MASShorthandAdditions.h */,
				B48515C122B8E73D00779B6B /* Masonry.h */,
				B48515C222B8E73D00779B6B /* MASConstraint.m */,
				B48515C322B8E73D00779B6B /* ViewController+MASAdditions.h */,
				B48515C422B8E73D00779B6B /* MASViewConstraint.m */,
				B48515C522B8E73D00779B6B /* MASViewAttribute.m */,
			);
			path = Masonry;
			sourceTree = "<group>";
		};
		B48515D022B8E76600779B6B /* MJExtension */ = {
			isa = PBXGroup;
			children = (
				B48515D122B8E76600779B6B /* MJExtension */,
				B48515E722B8E76600779B6B /* README.md */,
			);
			path = MJExtension;
			sourceTree = "<group>";
		};
		B48515D122B8E76600779B6B /* MJExtension */ = {
			isa = PBXGroup;
			children = (
				B48515D222B8E76600779B6B /* MJPropertyKey.h */,
				B48515D322B8E76600779B6B /* NSObject+MJClass.h */,
				B48515D422B8E76600779B6B /* NSString+MJExtension.h */,
				B48515D522B8E76600779B6B /* MJPropertyType.m */,
				B48515D622B8E76600779B6B /* NSObject+MJProperty.h */,
				B48515D722B8E76600779B6B /* MJExtensionConst.h */,
				B48515D822B8E76600779B6B /* NSObject+MJKeyValue.m */,
				B48515D922B8E76600779B6B /* MJProperty.m */,
				B48515DA22B8E76600779B6B /* MJFoundation.h */,
				B48515DB22B8E76600779B6B /* NSObject+MJCoding.m */,
				B48515DC22B8E76600779B6B /* MJExtension.h */,
				B48515DD22B8E76600779B6B /* MJExtensionConst.m */,
				B48515DE22B8E76600779B6B /* NSObject+MJProperty.m */,
				B48515DF22B8E76600779B6B /* MJPropertyType.h */,
				B48515E022B8E76600779B6B /* NSObject+MJClass.m */,
				B48515E122B8E76600779B6B /* NSString+MJExtension.m */,
				B48515E222B8E76600779B6B /* MJPropertyKey.m */,
				B48515E322B8E76600779B6B /* MJProperty.h */,
				B48515E422B8E76600779B6B /* NSObject+MJKeyValue.h */,
				B48515E522B8E76600779B6B /* NSObject+MJCoding.h */,
				B48515E622B8E76600779B6B /* MJFoundation.m */,
			);
			path = MJExtension;
			sourceTree = "<group>";
		};
		B48515F322B8E78000779B6B /* SVProgressHUD */ = {
			isa = PBXGroup;
			children = (
				B48515F422B8E78000779B6B /* SVIndefiniteAnimatedView.h */,
				B48515F522B8E78000779B6B /* SVProgressHUD.h */,
				B48515F622B8E78000779B6B /* SVProgressHUD-Prefix.pch */,
				B48515F722B8E78000779B6B /* SVProgressHUD.m */,
				B48515F822B8E78000779B6B /* SVIndefiniteAnimatedView.m */,
				B48515F922B8E78000779B6B /* SVProgressHUD.bundle */,
			);
			path = SVProgressHUD;
			sourceTree = "<group>";
		};
		B4E8AB7722C347F00096208A /* IQKeyboardManager */ = {
			isa = PBXGroup;
			children = (
				B4E8AB7822C347F00096208A /* IQTextView */,
				B4E8AB7B22C347F00096208A /* IQToolbar */,
				B4E8AB8622C347F00096208A /* Constants */,
				B4E8AB8922C347F00096208A /* Resources */,
				B4E8AB8B22C347F00096208A /* IQKeyboardReturnKeyHandler.h */,
				B4E8AB9B22C347F00096208A /* IQKeyboardReturnKeyHandler.m */,
				B4E8AB8C22C347F00096208A /* IQKeyboardManager.h */,
				B4E8AB8D22C347F00096208A /* IQKeyboardManager.m */,
				B4E8AB8E22C347F00096208A /* Categories */,
			);
			path = IQKeyboardManager;
			sourceTree = "<group>";
		};
		B4E8AB7822C347F00096208A /* IQTextView */ = {
			isa = PBXGroup;
			children = (
				B4E8AB7922C347F00096208A /* IQTextView.m */,
				B4E8AB7A22C347F00096208A /* IQTextView.h */,
			);
			path = IQTextView;
			sourceTree = "<group>";
		};
		B4E8AB7B22C347F00096208A /* IQToolbar */ = {
			isa = PBXGroup;
			children = (
				B4E8AB7C22C347F00096208A /* IQUIView+IQKeyboardToolbar.h */,
				B4E8AB8122C347F00096208A /* IQUIView+IQKeyboardToolbar.m */,
				B4E8AB8322C347F00096208A /* IQToolbar.h */,
				B4E8AB7D22C347F00096208A /* IQToolbar.m */,
				B4E8AB7E22C347F00096208A /* IQPreviousNextView.h */,
				B4E8AB8222C347F00096208A /* IQPreviousNextView.m */,
				B4E8AB8522C347F00096208A /* IQTitleBarButtonItem.h */,
				B4E8AB7F22C347F00096208A /* IQTitleBarButtonItem.m */,
				B4E8AB8422C347F00096208A /* IQBarButtonItem.h */,
				B4E8AB8022C347F00096208A /* IQBarButtonItem.m */,
			);
			path = IQToolbar;
			sourceTree = "<group>";
		};
		B4E8AB8622C347F00096208A /* Constants */ = {
			isa = PBXGroup;
			children = (
				B4E8AB8722C347F00096208A /* IQKeyboardManagerConstantsInternal.h */,
				B4E8AB8822C347F00096208A /* IQKeyboardManagerConstants.h */,
			);
			path = Constants;
			sourceTree = "<group>";
		};
		B4E8AB8922C347F00096208A /* Resources */ = {
			isa = PBXGroup;
			children = (
				B4E8AB8A22C347F00096208A /* IQKeyboardManager.bundle */,
			);
			path = Resources;
			sourceTree = "<group>";
		};
		B4E8AB8E22C347F00096208A /* Categories */ = {
			isa = PBXGroup;
			children = (
				B4E8AB9622C347F00096208A /* IQNSArray+Sort.h */,
				B4E8AB8F22C347F00096208A /* IQNSArray+Sort.m */,
				B4E8AB9522C347F00096208A /* IQUIWindow+Hierarchy.h */,
				B4E8AB9022C347F00096208A /* IQUIWindow+Hierarchy.m */,
				B4E8AB9122C347F00096208A /* IQUIViewController+Additions.h */,
				B4E8AB9922C347F00096208A /* IQUIViewController+Additions.m */,
				B4E8AB9822C347F00096208A /* IQUITextFieldView+Additions.h */,
				B4E8AB9222C347F00096208A /* IQUITextFieldView+Additions.m */,
				B4E8AB9722C347F00096208A /* IQUIScrollView+Additions.h */,
				B4E8AB9322C347F00096208A /* IQUIScrollView+Additions.m */,
				B4E8AB9A22C347F00096208A /* IQUIView+Hierarchy.h */,
				B4E8AB9422C347F00096208A /* IQUIView+Hierarchy.m */,
			);
			path = Categories;
			sourceTree = "<group>";
		};
		B4E8ABAB22C3ABDB0096208A /* Base */ = {
			isa = PBXGroup;
			children = (
				B4E8ABAC22C3AC470096208A /* BaseNavigationController.h */,
				B4E8ABAD22C3AC470096208A /* BaseNavigationController.m */,
			);
			path = Base;
			sourceTree = "<group>";
		};
/* End PBXGroup section */

/* Begin PBXNativeTarget section */
		B485158322B8B51500779B6B /* SectionDemo */ = {
			isa = PBXNativeTarget;
			buildConfigurationList = B485159A22B8B51700779B6B /* Build configuration list for PBXNativeTarget "SectionDemo" */;
			buildPhases = (
				B485158022B8B51500779B6B /* Sources */,
				B485158122B8B51500779B6B /* Frameworks */,
				B485158222B8B51500779B6B /* Resources */,
				B4C7264522BA31FC00F2D395 /* Embed Watch Content */,
			);
			buildRules = (
			);
			dependencies = (
			);
			name = SectionDemo;
			productName = SectionDemo;
			productReference = B485158422B8B51500779B6B /* SectionDemo.app */;
			productType = "com.apple.product-type.application";
		};
/* End PBXNativeTarget section */

/* Begin PBXProject section */
		B485157C22B8B51500779B6B /* Project object */ = {
			isa = PBXProject;
			attributes = {
				LastUpgradeCheck = 1010;
				ORGANIZATIONNAME = "渠晓友";
				TargetAttributes = {
					B485158322B8B51500779B6B = {
						CreatedOnToolsVersion = 10.1;
					};
				};
			};
			buildConfigurationList = B485157F22B8B51500779B6B /* Build configuration list for PBXProject "SectionDemo" */;
			compatibilityVersion = "Xcode 9.3";
			developmentRegion = en;
			hasScannedForEncodings = 0;
			knownRegions = (
				en,
				Base,
			);
			mainGroup = B485157B22B8B51500779B6B;
			productRefGroup = B485158522B8B51500779B6B /* Products */;
			projectDirPath = "";
			projectRoot = "";
			targets = (
				B485158322B8B51500779B6B /* SectionDemo */,
			);
		};
/* End PBXProject section */

/* Begin PBXResourcesBuildPhase section */
		B485158222B8B51500779B6B /* Resources */ = {
			isa = PBXResourcesBuildPhase;
			buildActionMask = 2147483647;
			files = (
				B4E8ABA222C347F00096208A /* IQKeyboardManager.bundle in Resources */,
				B48515FC22B8E78000779B6B /* SVProgressHUD.bundle in Resources */,
				B48515F222B8E76600779B6B /* README.md in Resources */,
				B40F590022BA90EA001C6A53 /* XYInfomationBaseViewController.xib in Resources */,
				B485159422B8B51700779B6B /* LaunchScreen.storyboard in Resources */,
				B48515A622B8B70100779B6B /* XYInfomationSection.xib in Resources */,
				B418918B22C1E8BA00A8B12D /* BaseUseViewController.xib in Resources */,
				B40F58FB22BA6C3D001C6A53 /* XYInfomationCell.xib in Resources */,
				B485159122B8B51700779B6B /* Assets.xcassets in Resources */,
				B485158F22B8B51500779B6B /* Main.storyboard in Resources */,
			);
			runOnlyForDeploymentPostprocessing = 0;
		};
/* End PBXResourcesBuildPhase section */

/* Begin PBXSourcesBuildPhase section */
		B485158022B8B51500779B6B /* Sources */ = {
			isa = PBXSourcesBuildPhase;
			buildActionMask = 2147483647;
			files = (
				B48515CE22B8E73D00779B6B /* MASViewConstraint.m in Sources */,
				B4E8ABAA22C347F00096208A /* IQKeyboardReturnKeyHandler.m in Sources */,
				B48515EA22B8E76600779B6B /* MJProperty.m in Sources */,
				B418918F22C2203300A8B12D /* FamilyMemberListViewController.m in Sources */,
				B4E8ABAE22C3AC470096208A /* BaseNavigationController.m in Sources */,
				B4E8ABA522C347F00096208A /* IQUIWindow+Hierarchy.m in Sources */,
				B485158C22B8B51500779B6B /* ViewController.m in Sources */,
				B48515C922B8E73D00779B6B /* MASConstraintMaker.m in Sources */,
				B48515EB22B8E76600779B6B /* NSObject+MJCoding.m in Sources */,
				B40F590322BA97AA001C6A53 /* UserInfoViewController.m in Sources */,
				B40F58FF22BA90EA001C6A53 /* XYInfomationBaseViewController.m in Sources */,
				B4E8ABA822C347F00096208A /* IQUIView+Hierarchy.m in Sources */,
				B4E8ABA922C347F00096208A /* IQUIViewController+Additions.m in Sources */,
				B48515FA22B8E78000779B6B /* SVProgressHUD.m in Sources */,
				B48515A722B8B70100779B6B /* XYInfomationSection.m in Sources */,
				B4E8AB9D22C347F00096208A /* IQToolbar.m in Sources */,
				B4E8ABA022C347F00096208A /* IQUIView+IQKeyboardToolbar.m in Sources */,
				B46D51AB2385B89000C56CFB /* XYPickerView.m in Sources */,
				B48515E922B8E76600779B6B /* NSObject+MJKeyValue.m in Sources */,
				B48515F122B8E76600779B6B /* MJFoundation.m in Sources */,
				B48515C722B8E73D00779B6B /* ViewController+MASAdditions.m in Sources */,
				B48515EF22B8E76600779B6B /* NSString+MJExtension.m in Sources */,
				B418919422C2209000A8B12D /* PersonalTaxBaseViewController.m in Sources */,
				B48515C622B8E73D00779B6B /* NSLayoutConstraint+MASDebugAdditions.m in Sources */,
				B40F590622BA9C72001C6A53 /* SettingViewController.m in Sources */,
				B48515C822B8E73D00779B6B /* MASCompositeConstraint.m in Sources */,
				B485159722B8B51700779B6B /* main.m in Sources */,
				B4E8AB9F22C347F00096208A /* IQBarButtonItem.m in Sources */,
				B4E8ABA722C347F00096208A /* IQUIScrollView+Additions.m in Sources */,
				B48515CA22B8E73D00779B6B /* MASLayoutConstraint.m in Sources */,
				B4E8ABA622C347F00096208A /* IQUITextFieldView+Additions.m in Sources */,
				B4E8AB9E22C347F00096208A /* IQTitleBarButtonItem.m in Sources */,
				B48515CC22B8E73D00779B6B /* View+MASAdditions.m in Sources */,
				B48515ED22B8E76600779B6B /* NSObject+MJProperty.m in Sources */,
				B40F590922BA9FAC001C6A53 /* UserCenterViewController.m in Sources */,
				B48515CB22B8E73D00779B6B /* NSArray+MASAdditions.m in Sources */,
				B48515A422B8B70100779B6B /* XYInfomationCell.m in Sources */,
				B4E8AB9C22C347F00096208A /* IQTextView.m in Sources */,
				B48515FB22B8E78000779B6B /* SVIndefiniteAnimatedView.m in Sources */,
				B485158922B8B51500779B6B /* AppDelegate.m in Sources */,
				B4E8ABA122C347F00096208A /* IQPreviousNextView.m in Sources */,
				B48515EC22B8E76600779B6B /* MJExtensionConst.m in Sources */,
				B48515E822B8E76600779B6B /* MJPropertyType.m in Sources */,
				B48515CF22B8E73D00779B6B /* MASViewAttribute.m in Sources */,
				B4E8ABA322C347F00096208A /* IQKeyboardManager.m in Sources */,
				B44A3E5A23866D81001D9E81 /* XYDatePickerView.m in Sources */,
				B48515EE22B8E76600779B6B /* NSObject+MJClass.m in Sources */,
				B48515F022B8E76600779B6B /* MJPropertyKey.m in Sources */,
				B48515CD22B8E73D00779B6B /* MASConstraint.m in Sources */,
				B48515AA22B8E37100779B6B /* DataTool.m in Sources */,
				B4E8ABA422C347F00096208A /* IQNSArray+Sort.m in Sources */,
				B418918A22C1E8BA00A8B12D /* BaseUseViewController.m in Sources */,
			);
			runOnlyForDeploymentPostprocessing = 0;
		};
/* End PBXSourcesBuildPhase section */

/* Begin PBXVariantGroup section */
		B485158D22B8B51500779B6B /* Main.storyboard */ = {
			isa = PBXVariantGroup;
			children = (
				B485158E22B8B51500779B6B /* Base */,
			);
			name = Main.storyboard;
			sourceTree = "<group>";
		};
		B485159222B8B51700779B6B /* LaunchScreen.storyboard */ = {
			isa = PBXVariantGroup;
			children = (
				B485159322B8B51700779B6B /* Base */,
			);
			name = LaunchScreen.storyboard;
			sourceTree = "<group>";
		};
/* End PBXVariantGroup section */

/* Begin XCBuildConfiguration section */
		B485159822B8B51700779B6B /* Debug */ = {
			isa = XCBuildConfiguration;
			buildSettings = {
				ALWAYS_SEARCH_USER_PATHS = NO;
				CLANG_ANALYZER_NONNULL = YES;
				CLANG_ANALYZER_NUMBER_OBJECT_CONVERSION = YES_AGGRESSIVE;
				CLANG_CXX_LANGUAGE_STANDARD = "gnu++14";
				CLANG_CXX_LIBRARY = "libc++";
				CLANG_ENABLE_MODULES = YES;
				CLANG_ENABLE_OBJC_ARC = YES;
				CLANG_ENABLE_OBJC_WEAK = YES;
				CLANG_WARN_BLOCK_CAPTURE_AUTORELEASING = YES;
				CLANG_WARN_BOOL_CONVERSION = YES;
				CLANG_WARN_COMMA = YES;
				CLANG_WARN_CONSTANT_CONVERSION = YES;
				CLANG_WARN_DEPRECATED_OBJC_IMPLEMENTATIONS = YES;
				CLANG_WARN_DIRECT_OBJC_ISA_USAGE = YES_ERROR;
				CLANG_WARN_DOCUMENTATION_COMMENTS = YES;
				CLANG_WARN_EMPTY_BODY = YES;
				CLANG_WARN_ENUM_CONVERSION = YES;
				CLANG_WARN_INFINITE_RECURSION = YES;
				CLANG_WARN_INT_CONVERSION = YES;
				CLANG_WARN_NON_LITERAL_NULL_CONVERSION = YES;
				CLANG_WARN_OBJC_IMPLICIT_RETAIN_SELF = YES;
				CLANG_WARN_OBJC_LITERAL_CONVERSION = YES;
				CLANG_WARN_OBJC_ROOT_CLASS = YES_ERROR;
				CLANG_WARN_RANGE_LOOP_ANALYSIS = YES;
				CLANG_WARN_STRICT_PROTOTYPES = YES;
				CLANG_WARN_SUSPICIOUS_MOVE = YES;
				CLANG_WARN_UNGUARDED_AVAILABILITY = YES_AGGRESSIVE;
				CLANG_WARN_UNREACHABLE_CODE = YES;
				CLANG_WARN__DUPLICATE_METHOD_MATCH = YES;
				CODE_SIGN_IDENTITY = "iPhone Developer";
				COPY_PHASE_STRIP = NO;
				DEBUG_INFORMATION_FORMAT = dwarf;
				ENABLE_STRICT_OBJC_MSGSEND = YES;
				ENABLE_TESTABILITY = YES;
				GCC_C_LANGUAGE_STANDARD = gnu11;
				GCC_DYNAMIC_NO_PIC = NO;
				GCC_NO_COMMON_BLOCKS = YES;
				GCC_OPTIMIZATION_LEVEL = 0;
				GCC_PREPROCESSOR_DEFINITIONS = (
					"DEBUG=1",
					"$(inherited)",
				);
				GCC_WARN_64_TO_32_BIT_CONVERSION = YES;
				GCC_WARN_ABOUT_RETURN_TYPE = YES_ERROR;
				GCC_WARN_UNDECLARED_SELECTOR = YES;
				GCC_WARN_UNINITIALIZED_AUTOS = YES_AGGRESSIVE;
				GCC_WARN_UNUSED_FUNCTION = YES;
				GCC_WARN_UNUSED_VARIABLE = YES;
				IPHONEOS_DEPLOYMENT_TARGET = 12.1;
				MTL_ENABLE_DEBUG_INFO = INCLUDE_SOURCE;
				MTL_FAST_MATH = YES;
				ONLY_ACTIVE_ARCH = YES;
				SDKROOT = iphoneos;
			};
			name = Debug;
		};
		B485159922B8B51700779B6B /* Release */ = {
			isa = XCBuildConfiguration;
			buildSettings = {
				ALWAYS_SEARCH_USER_PATHS = NO;
				CLANG_ANALYZER_NONNULL = YES;
				CLANG_ANALYZER_NUMBER_OBJECT_CONVERSION = YES_AGGRESSIVE;
				CLANG_CXX_LANGUAGE_STANDARD = "gnu++14";
				CLANG_CXX_LIBRARY = "libc++";
				CLANG_ENABLE_MODULES = YES;
				CLANG_ENABLE_OBJC_ARC = YES;
				CLANG_ENABLE_OBJC_WEAK = YES;
				CLANG_WARN_BLOCK_CAPTURE_AUTORELEASING = YES;
				CLANG_WARN_BOOL_CONVERSION = YES;
				CLANG_WARN_COMMA = YES;
				CLANG_WARN_CONSTANT_CONVERSION = YES;
				CLANG_WARN_DEPRECATED_OBJC_IMPLEMENTATIONS = YES;
				CLANG_WARN_DIRECT_OBJC_ISA_USAGE = YES_ERROR;
				CLANG_WARN_DOCUMENTATION_COMMENTS = YES;
				CLANG_WARN_EMPTY_BODY = YES;
				CLANG_WARN_ENUM_CONVERSION = YES;
				CLANG_WARN_INFINITE_RECURSION = YES;
				CLANG_WARN_INT_CONVERSION = YES;
				CLANG_WARN_NON_LITERAL_NULL_CONVERSION = YES;
				CLANG_WARN_OBJC_IMPLICIT_RETAIN_SELF = YES;
				CLANG_WARN_OBJC_LITERAL_CONVERSION = YES;
				CLANG_WARN_OBJC_ROOT_CLASS = YES_ERROR;
				CLANG_WARN_RANGE_LOOP_ANALYSIS = YES;
				CLANG_WARN_STRICT_PROTOTYPES = YES;
				CLANG_WARN_SUSPICIOUS_MOVE = YES;
				CLANG_WARN_UNGUARDED_AVAILABILITY = YES_AGGRESSIVE;
				CLANG_WARN_UNREACHABLE_CODE = YES;
				CLANG_WARN__DUPLICATE_METHOD_MATCH = YES;
				CODE_SIGN_IDENTITY = "iPhone Developer";
				COPY_PHASE_STRIP = NO;
				DEBUG_INFORMATION_FORMAT = "dwarf-with-dsym";
				ENABLE_NS_ASSERTIONS = NO;
				ENABLE_STRICT_OBJC_MSGSEND = YES;
				GCC_C_LANGUAGE_STANDARD = gnu11;
				GCC_NO_COMMON_BLOCKS = YES;
				GCC_WARN_64_TO_32_BIT_CONVERSION = YES;
				GCC_WARN_ABOUT_RETURN_TYPE = YES_ERROR;
				GCC_WARN_UNDECLARED_SELECTOR = YES;
				GCC_WARN_UNINITIALIZED_AUTOS = YES_AGGRESSIVE;
				GCC_WARN_UNUSED_FUNCTION = YES;
				GCC_WARN_UNUSED_VARIABLE = YES;
				IPHONEOS_DEPLOYMENT_TARGET = 12.1;
				MTL_ENABLE_DEBUG_INFO = NO;
				MTL_FAST_MATH = YES;
				SDKROOT = iphoneos;
				VALIDATE_PRODUCT = YES;
			};
			name = Release;
		};
		B485159B22B8B51700779B6B /* Debug */ = {
			isa = XCBuildConfiguration;
			buildSettings = {
				ASSETCATALOG_COMPILER_APPICON_NAME = AppIcon;
				CODE_SIGN_STYLE = Automatic;
				DEVELOPMENT_TEAM = J9CJUEB6H8;
				GCC_INCREASE_PRECOMPILED_HEADER_SHARING = NO;
				GCC_PRECOMPILE_PREFIX_HEADER = NO;
				GCC_PREFIX_HEADER = "$(SRCROOT)/$(PROJECT_NAME)/PrefixHeader.pch";
				INFOPLIST_FILE = SectionDemo/Info.plist;
				IPHONEOS_DEPLOYMENT_TARGET = 9.0;
				LD_RUNPATH_SEARCH_PATHS = (
					"$(inherited)",
					"@executable_path/Frameworks",
				);
				PRODUCT_BUNDLE_IDENTIFIER = com.xiaoyou.secd;
				PRODUCT_NAME = "$(TARGET_NAME)";
				TARGETED_DEVICE_FAMILY = "1,2";
			};
			name = Debug;
		};
		B485159C22B8B51700779B6B /* Release */ = {
			isa = XCBuildConfiguration;
			buildSettings = {
				ASSETCATALOG_COMPILER_APPICON_NAME = AppIcon;
				CODE_SIGN_STYLE = Automatic;
				DEVELOPMENT_TEAM = J9CJUEB6H8;
				GCC_INCREASE_PRECOMPILED_HEADER_SHARING = NO;
				GCC_PRECOMPILE_PREFIX_HEADER = NO;
				GCC_PREFIX_HEADER = "$(SRCROOT)/$(PROJECT_NAME)/PrefixHeader.pch";
				INFOPLIST_FILE = SectionDemo/Info.plist;
				IPHONEOS_DEPLOYMENT_TARGET = 9.0;
				LD_RUNPATH_SEARCH_PATHS = (
					"$(inherited)",
					"@executable_path/Frameworks",
				);
				PRODUCT_BUNDLE_IDENTIFIER = com.xiaoyou.secd;
				PRODUCT_NAME = "$(TARGET_NAME)";
				TARGETED_DEVICE_FAMILY = "1,2";
			};
			name = Release;
		};
/* End XCBuildConfiguration section */

/* Begin XCConfigurationList section */
		B485157F22B8B51500779B6B /* Build configuration list for PBXProject "SectionDemo" */ = {
			isa = XCConfigurationList;
			buildConfigurations = (
				B485159822B8B51700779B6B /* Debug */,
				B485159922B8B51700779B6B /* Release */,
			);
			defaultConfigurationIsVisible = 0;
			defaultConfigurationName = Release;
		};
		B485159A22B8B51700779B6B /* Build configuration list for PBXNativeTarget "SectionDemo" */ = {
			isa = XCConfigurationList;
			buildConfigurations = (
				B485159B22B8B51700779B6B /* Debug */,
				B485159C22B8B51700779B6B /* Release */,
			);
			defaultConfigurationIsVisible = 0;
			defaultConfigurationName = Release;
		};
/* End XCConfigurationList section */
	};
	rootObject = B485157C22B8B51500779B6B /* Project object */;
}
